
Microsoft Visual Studio Solution File, Format Version 12.00
# Visual Studio Version 17
VisualStudioVersion = 17.6.33712.159
MinimumVisualStudioVersion = 10.0.40219.1
Project("{FAE04EC0-301F-11D3-BF4B-00C04F79EFBC}") = "Entities", "Entities\Entities.csproj", "{BC4CFE50-9544-4446-B095-B13450EF5AC7}"
EndProject
Project("{FAE04EC0-301F-11D3-BF4B-00C04F79EFBC}") = "DAL", "DAL\DAL.csproj", "{C5F6D4C2-CFA5-4901-BC14-4954BB6072B3}"
EndProject
Project("{FAE04EC0-301F-11D3-BF4B-00C04F79EFBC}") = "BackEnd", "BackEnd\BackEnd.csproj", "{7AFB50F9-E4EA-42D2-8B66-D2E468D1CE97}"
EndProject
Global
	GlobalSection(SolutionConfigurationPlatforms) = preSolution
		Debug|Any CPU = Debug|Any CPU
		Release|Any CPU = Release|Any CPU
	EndGlobalSection
	GlobalSection(ProjectConfigurationPlatforms) = postSolution
		{BC4CFE50-9544-4446-B095-B13450EF5AC7}.Debug|Any CPU.ActiveCfg = Debug|Any CPU
		{BC4CFE50-9544-4446-B095-B13450EF5AC7}.Debug|Any CPU.Build.0 = Debug|Any CPU
		{BC4CFE50-9544-4446-B095-B13450EF5AC7}.Release|Any CPU.ActiveCfg = Release|Any CPU
		{BC4CFE50-9544-4446-B095-B13450EF5AC7}.Release|Any CPU.Build.0 = Release|Any CPU
		{C5F6D4C2-CFA5-4901-BC14-4954BB6072B3}.Debug|Any CPU.ActiveCfg = Debug|Any CPU
		{C5F6D4C2-CFA5-4901-BC14-4954BB6072B3}.Debug|Any CPU.Build.0 = Debug|Any CPU
		{C5F6D4C2-CFA5-4901-BC14-4954BB6072B3}.Release|Any CPU.ActiveCfg = Release|Any CPU
		{C5F6D4C2-CFA5-4901-BC14-4954BB6072B3}.Release|Any CPU.Build.0 = Release|Any CPU
		{7AFB50F9-E4EA-42D2-8B66-D2E468D1CE97}.Debug|Any CPU.ActiveCfg = Debug|Any CPU
		{7AFB50F9-E4EA-42D2-8B66-D2E468D1CE97}.Debug|Any CPU.Build.0 = Debug|Any CPU
		{7AFB50F9-E4EA-42D2-8B66-D2E468D1CE97}.Release|Any CPU.ActiveCfg = Release|Any CPU
		{7AFB50F9-E4EA-42D2-8B66-D2E468D1CE97}.Release|Any CPU.Build.0 = Release|Any CPU
	EndGlobalSection
	GlobalSection(SolutionProperties) = preSolution
		HideSolutionNode = FALSE
	EndGlobalSection
	GlobalSection(ExtensibilityGlobals) = postSolution
		SolutionGuid = {B15E127C-C24E-4F3E-9ED4-F849D3436DD7}
	EndGlobalSection
EndGlobal
